
Microsoft Visual Studio Solution File, Format Version 12.00
# Visual Studio 15
VisualStudioVersion = 15.0.28010.2026
MinimumVisualStudioVersion = 10.0.40219.1
Project("{FAE04EC0-301F-11D3-BF4B-00C04F79EFBC}") = "LiveChartWPF", "LiveChartWPF\LiveChartWPF.csproj", "{FB489050-AF75-49DF-862B-7B1B78A20F52}"
EndProject
Global
	GlobalSection(SolutionConfigurationPlatforms) = preSolution
		Debug|Any CPU = Debug|Any CPU
		Release|Any CPU = Release|Any CPU
	EndGlobalSection
	GlobalSection(ProjectConfigurationPlatforms) = postSolution
		{FB489050-AF75-49DF-862B-7B1B78A20F52}.Debug|Any CPU.ActiveCfg = Debug|Any CPU
		{FB489050-AF75-49DF-862B-7B1B78A20F52}.Debug|Any CPU.Build.0 = Debug|Any CPU
		{FB489050-AF75-49DF-862B-7B1B78A20F52}.Release|Any CPU.ActiveCfg = Release|Any CPU
		{FB489050-AF75-49DF-862B-7B1B78A20F52}.Release|Any CPU.Build.0 = Release|Any CPU
	EndGlobalSection
	GlobalSection(SolutionProperties) = preSolution
		HideSolutionNode = FALSE
	EndGlobalSection
	GlobalSection(ExtensibilityGlobals) = postSolution
		SolutionGuid = {E5ED4016-1C95-484F-8505-C820BBC3E34C}
	EndGlobalSection
EndGlobal
